// !$*UTF8*$!
{
	archiveVersion = 1;
	classes = {
	};
	objectVersion = 56;
	objects = {

/* Begin PBXBuildFile section */
		F1E0194D2A051C6C001B11D6 /* AppDelegate.swift in Sources */ = {isa = PBXBuildFile; fileRef = F1E0194C2A051C6C001B11D6 /* AppDelegate.swift */; };
		F1E019512A051C6C001B11D6 /* HomeViewController.swift in Sources */ = {isa = PBXBuildFile; fileRef = F1E019502A051C6C001B11D6 /* HomeViewController.swift */; };
		F1E019562A051C6D001B11D6 /* Assets.xcassets in Resources */ = {isa = PBXBuildFile; fileRef = F1E019552A051C6D001B11D6 /* Assets.xcassets */; };
		F1E019592A051C6D001B11D6 /* LaunchScreen.storyboard in Resources */ = {isa = PBXBuildFile; fileRef = F1E019572A051C6D001B11D6 /* LaunchScreen.storyboard */; };
		F1E019642A051C6D001B11D6 /* AroundEgyptTests.swift in Sources */ = {isa = PBXBuildFile; fileRef = F1E019632A051C6D001B11D6 /* AroundEgyptTests.swift */; };
		F1E0196E2A051C6E001B11D6 /* AroundEgyptUITests.swift in Sources */ = {isa = PBXBuildFile; fileRef = F1E0196D2A051C6E001B11D6 /* AroundEgyptUITests.swift */; };
		F1E019702A051C6E001B11D6 /* AroundEgyptUITestsLaunchTests.swift in Sources */ = {isa = PBXBuildFile; fileRef = F1E0196F2A051C6E001B11D6 /* AroundEgyptUITestsLaunchTests.swift */; };
		F1E019892A052B9B001B11D6 /* Coordinator.swift in Sources */ = {isa = PBXBuildFile; fileRef = F1E019882A052B9B001B11D6 /* Coordinator.swift */; };
		F1E0198B2A052BBE001B11D6 /* CoordinatorProtocol.swift in Sources */ = {isa = PBXBuildFile; fileRef = F1E0198A2A052BBD001B11D6 /* CoordinatorProtocol.swift */; };
		F1E0198F2A053B41001B11D6 /* APIClientType.swift in Sources */ = {isa = PBXBuildFile; fileRef = F1E0198E2A053B41001B11D6 /* APIClientType.swift */; };
		F1E019912A053B7A001B11D6 /* NetworkResponse.swift in Sources */ = {isa = PBXBuildFile; fileRef = F1E019902A053B7A001B11D6 /* NetworkResponse.swift */; };
		F1E019942A053B8E001B11D6 /* Request.swift in Sources */ = {isa = PBXBuildFile; fileRef = F1E019932A053B8E001B11D6 /* Request.swift */; };
		F1E019962A053BA0001B11D6 /* Publisher.swift in Sources */ = {isa = PBXBuildFile; fileRef = F1E019952A053BA0001B11D6 /* Publisher.swift */; };
		F1E019982A053BCC001B11D6 /* Reachability.swift in Sources */ = {isa = PBXBuildFile; fileRef = F1E019972A053BCC001B11D6 /* Reachability.swift */; };
		F1E0199A2A0552BC001B11D6 /* BaseViewController.swift in Sources */ = {isa = PBXBuildFile; fileRef = F1E019992A0552BC001B11D6 /* BaseViewController.swift */; };
		F1E0199C2A0552D2001B11D6 /* BaseViewModel.swift in Sources */ = {isa = PBXBuildFile; fileRef = F1E0199B2A0552D2001B11D6 /* BaseViewModel.swift */; };
		F1E0199E2A0552EA001B11D6 /* UseCase.swift in Sources */ = {isa = PBXBuildFile; fileRef = F1E0199D2A0552EA001B11D6 /* UseCase.swift */; };
		F1E019A02A05553B001B11D6 /* UICollectionView+Extension.swift in Sources */ = {isa = PBXBuildFile; fileRef = F1E0199F2A05553B001B11D6 /* UICollectionView+Extension.swift */; };
		F1E019A22A0555E1001B11D6 /* UIView+UIStackView+Constraints.swift in Sources */ = {isa = PBXBuildFile; fileRef = F1E019A12A0555E1001B11D6 /* UIView+UIStackView+Constraints.swift */; };
		F1E019A52A055707001B11D6 /* HomeUseCase.swift in Sources */ = {isa = PBXBuildFile; fileRef = F1E019A42A055707001B11D6 /* HomeUseCase.swift */; };
		F1E019A72A055726001B11D6 /* HomeViewModel.swift in Sources */ = {isa = PBXBuildFile; fileRef = F1E019A62A055726001B11D6 /* HomeViewModel.swift */; };
		F1E019A92A05572E001B11D6 /* HomeModel.swift in Sources */ = {isa = PBXBuildFile; fileRef = F1E019A82A05572E001B11D6 /* HomeModel.swift */; };
		F1E019AB2A055740001B11D6 /* HomeCoordinator.swift in Sources */ = {isa = PBXBuildFile; fileRef = F1E019AA2A055740001B11D6 /* HomeCoordinator.swift */; };
		F1E019AD2A055756001B11D6 /* HomeView.swift in Sources */ = {isa = PBXBuildFile; fileRef = F1E019AC2A055756001B11D6 /* HomeView.swift */; };
		F1E019B32A0557A7001B11D6 /* ExperienceCoordinator.swift in Sources */ = {isa = PBXBuildFile; fileRef = F1E019B22A0557A7001B11D6 /* ExperienceCoordinator.swift */; };
		F1E019B52A0557D7001B11D6 /* ExperienceModel.swift in Sources */ = {isa = PBXBuildFile; fileRef = F1E019B42A0557D7001B11D6 /* ExperienceModel.swift */; };
		F1E019B72A0557F2001B11D6 /* ExperienceUseCase.swift in Sources */ = {isa = PBXBuildFile; fileRef = F1E019B62A0557F2001B11D6 /* ExperienceUseCase.swift */; };
		F1E019B92A0557FD001B11D6 /* ExperienceViewModel.swift in Sources */ = {isa = PBXBuildFile; fileRef = F1E019B82A0557FD001B11D6 /* ExperienceViewModel.swift */; };
		F1E019BB2A05587A001B11D6 /* ExperienceCell.swift in Sources */ = {isa = PBXBuildFile; fileRef = F1E019BA2A05587A001B11D6 /* ExperienceCell.swift */; };
		F1E019BD2A055C41001B11D6 /* ExperienceScreen.swift in Sources */ = {isa = PBXBuildFile; fileRef = F1E019BC2A055C41001B11D6 /* ExperienceScreen.swift */; };
/* End PBXBuildFile section */

/* Begin PBXContainerItemProxy section */
		F1E019602A051C6D001B11D6 /* PBXContainerItemProxy */ = {
			isa = PBXContainerItemProxy;
			containerPortal = F1E019412A051C6C001B11D6 /* Project object */;
			proxyType = 1;
			remoteGlobalIDString = F1E019482A051C6C001B11D6;
			remoteInfo = AroundEgypt;
		};
		F1E0196A2A051C6E001B11D6 /* PBXContainerItemProxy */ = {
			isa = PBXContainerItemProxy;
			containerPortal = F1E019412A051C6C001B11D6 /* Project object */;
			proxyType = 1;
			remoteGlobalIDString = F1E019482A051C6C001B11D6;
			remoteInfo = AroundEgypt;
		};
/* End PBXContainerItemProxy section */

/* Begin PBXFileReference section */
		F1E019492A051C6C001B11D6 /* AroundEgypt.app */ = {isa = PBXFileReference; explicitFileType = wrapper.application; includeInIndex = 0; path = AroundEgypt.app; sourceTree = BUILT_PRODUCTS_DIR; };
		F1E0194C2A051C6C001B11D6 /* AppDelegate.swift */ = {isa = PBXFileReference; lastKnownFileType = sourcecode.swift; path = AppDelegate.swift; sourceTree = "<group>"; };
		F1E019502A051C6C001B11D6 /* HomeViewController.swift */ = {isa = PBXFileReference; lastKnownFileType = sourcecode.swift; path = HomeViewController.swift; sourceTree = "<group>"; };
		F1E019552A051C6D001B11D6 /* Assets.xcassets */ = {isa = PBXFileReference; lastKnownFileType = folder.assetcatalog; path = Assets.xcassets; sourceTree = "<group>"; };
		F1E019582A051C6D001B11D6 /* Base */ = {isa = PBXFileReference; lastKnownFileType = file.storyboard; name = Base; path = Base.lproj/LaunchScreen.storyboard; sourceTree = "<group>"; };
		F1E0195A2A051C6D001B11D6 /* Info.plist */ = {isa = PBXFileReference; lastKnownFileType = text.plist.xml; path = Info.plist; sourceTree = "<group>"; };
		F1E0195F2A051C6D001B11D6 /* AroundEgyptTests.xctest */ = {isa = PBXFileReference; explicitFileType = wrapper.cfbundle; includeInIndex = 0; path = AroundEgyptTests.xctest; sourceTree = BUILT_PRODUCTS_DIR; };
		F1E019632A051C6D001B11D6 /* AroundEgyptTests.swift */ = {isa = PBXFileReference; lastKnownFileType = sourcecode.swift; path = AroundEgyptTests.swift; sourceTree = "<group>"; };
		F1E019692A051C6E001B11D6 /* AroundEgyptUITests.xctest */ = {isa = PBXFileReference; explicitFileType = wrapper.cfbundle; includeInIndex = 0; path = AroundEgyptUITests.xctest; sourceTree = BUILT_PRODUCTS_DIR; };
		F1E0196D2A051C6E001B11D6 /* AroundEgyptUITests.swift */ = {isa = PBXFileReference; lastKnownFileType = sourcecode.swift; path = AroundEgyptUITests.swift; sourceTree = "<group>"; };
		F1E0196F2A051C6E001B11D6 /* AroundEgyptUITestsLaunchTests.swift */ = {isa = PBXFileReference; lastKnownFileType = sourcecode.swift; path = AroundEgyptUITestsLaunchTests.swift; sourceTree = "<group>"; };
		F1E019882A052B9B001B11D6 /* Coordinator.swift */ = {isa = PBXFileReference; lastKnownFileType = sourcecode.swift; path = Coordinator.swift; sourceTree = "<group>"; };
		F1E0198A2A052BBD001B11D6 /* CoordinatorProtocol.swift */ = {isa = PBXFileReference; lastKnownFileType = sourcecode.swift; path = CoordinatorProtocol.swift; sourceTree = "<group>"; };
		F1E0198E2A053B41001B11D6 /* APIClientType.swift */ = {isa = PBXFileReference; lastKnownFileType = sourcecode.swift; path = APIClientType.swift; sourceTree = "<group>"; };
		F1E019902A053B7A001B11D6 /* NetworkResponse.swift */ = {isa = PBXFileReference; lastKnownFileType = sourcecode.swift; path = NetworkResponse.swift; sourceTree = "<group>"; };
		F1E019932A053B8E001B11D6 /* Request.swift */ = {isa = PBXFileReference; lastKnownFileType = sourcecode.swift; path = Request.swift; sourceTree = "<group>"; };
		F1E019952A053BA0001B11D6 /* Publisher.swift */ = {isa = PBXFileReference; lastKnownFileType = sourcecode.swift; path = Publisher.swift; sourceTree = "<group>"; };
		F1E019972A053BCC001B11D6 /* Reachability.swift */ = {isa = PBXFileReference; lastKnownFileType = sourcecode.swift; path = Reachability.swift; sourceTree = "<group>"; };
		F1E019992A0552BC001B11D6 /* BaseViewController.swift */ = {isa = PBXFileReference; lastKnownFileType = sourcecode.swift; path = BaseViewController.swift; sourceTree = "<group>"; };
		F1E0199B2A0552D2001B11D6 /* BaseViewModel.swift */ = {isa = PBXFileReference; lastKnownFileType = sourcecode.swift; path = BaseViewModel.swift; sourceTree = "<group>"; };
		F1E0199D2A0552EA001B11D6 /* UseCase.swift */ = {isa = PBXFileReference; lastKnownFileType = sourcecode.swift; path = UseCase.swift; sourceTree = "<group>"; };
		F1E0199F2A05553B001B11D6 /* UICollectionView+Extension.swift */ = {isa = PBXFileReference; lastKnownFileType = sourcecode.swift; path = "UICollectionView+Extension.swift"; sourceTree = "<group>"; };
		F1E019A12A0555E1001B11D6 /* UIView+UIStackView+Constraints.swift */ = {isa = PBXFileReference; lastKnownFileType = sourcecode.swift; path = "UIView+UIStackView+Constraints.swift"; sourceTree = "<group>"; };
		F1E019A42A055707001B11D6 /* HomeUseCase.swift */ = {isa = PBXFileReference; lastKnownFileType = sourcecode.swift; path = HomeUseCase.swift; sourceTree = "<group>"; };
		F1E019A62A055726001B11D6 /* HomeViewModel.swift */ = {isa = PBXFileReference; lastKnownFileType = sourcecode.swift; path = HomeViewModel.swift; sourceTree = "<group>"; };
		F1E019A82A05572E001B11D6 /* HomeModel.swift */ = {isa = PBXFileReference; lastKnownFileType = sourcecode.swift; path = HomeModel.swift; sourceTree = "<group>"; };
		F1E019AA2A055740001B11D6 /* HomeCoordinator.swift */ = {isa = PBXFileReference; lastKnownFileType = sourcecode.swift; path = HomeCoordinator.swift; sourceTree = "<group>"; };
		F1E019AC2A055756001B11D6 /* HomeView.swift */ = {isa = PBXFileReference; lastKnownFileType = sourcecode.swift; path = HomeView.swift; sourceTree = "<group>"; };
		F1E019B22A0557A7001B11D6 /* ExperienceCoordinator.swift */ = {isa = PBXFileReference; lastKnownFileType = sourcecode.swift; path = ExperienceCoordinator.swift; sourceTree = "<group>"; };
		F1E019B42A0557D7001B11D6 /* ExperienceModel.swift */ = {isa = PBXFileReference; lastKnownFileType = sourcecode.swift; path = ExperienceModel.swift; sourceTree = "<group>"; };
		F1E019B62A0557F2001B11D6 /* ExperienceUseCase.swift */ = {isa = PBXFileReference; lastKnownFileType = sourcecode.swift; path = ExperienceUseCase.swift; sourceTree = "<group>"; };
		F1E019B82A0557FD001B11D6 /* ExperienceViewModel.swift */ = {isa = PBXFileReference; lastKnownFileType = sourcecode.swift; path = ExperienceViewModel.swift; sourceTree = "<group>"; };
		F1E019BA2A05587A001B11D6 /* ExperienceCell.swift */ = {isa = PBXFileReference; lastKnownFileType = sourcecode.swift; path = ExperienceCell.swift; sourceTree = "<group>"; };
		F1E019BC2A055C41001B11D6 /* ExperienceScreen.swift */ = {isa = PBXFileReference; lastKnownFileType = sourcecode.swift; path = ExperienceScreen.swift; sourceTree = "<group>"; };
/* End PBXFileReference section */

/* Begin PBXFrameworksBuildPhase section */
		F1E019462A051C6C001B11D6 /* Frameworks */ = {
			isa = PBXFrameworksBuildPhase;
			buildActionMask = 2147483647;
			files = (
			);
			runOnlyForDeploymentPostprocessing = 0;
		};
		F1E0195C2A051C6D001B11D6 /* Frameworks */ = {
			isa = PBXFrameworksBuildPhase;
			buildActionMask = 2147483647;
			files = (
			);
			runOnlyForDeploymentPostprocessing = 0;
		};
		F1E019662A051C6E001B11D6 /* Frameworks */ = {
			isa = PBXFrameworksBuildPhase;
			buildActionMask = 2147483647;
			files = (
			);
			runOnlyForDeploymentPostprocessing = 0;
		};
/* End PBXFrameworksBuildPhase section */

/* Begin PBXGroup section */
		F1E019402A051C6C001B11D6 = {
			isa = PBXGroup;
			children = (
				F1E0194B2A051C6C001B11D6 /* AroundEgypt */,
				F1E019622A051C6D001B11D6 /* AroundEgyptTests */,
				F1E0196C2A051C6E001B11D6 /* AroundEgyptUITests */,
				F1E0194A2A051C6C001B11D6 /* Products */,
			);
			sourceTree = "<group>";
		};
		F1E0194A2A051C6C001B11D6 /* Products */ = {
			isa = PBXGroup;
			children = (
				F1E019492A051C6C001B11D6 /* AroundEgypt.app */,
				F1E0195F2A051C6D001B11D6 /* AroundEgyptTests.xctest */,
				F1E019692A051C6E001B11D6 /* AroundEgyptUITests.xctest */,
			);
			name = Products;
			sourceTree = "<group>";
		};
		F1E0194B2A051C6C001B11D6 /* AroundEgypt */ = {
			isa = PBXGroup;
			children = (
				F1E0197C2A052847001B11D6 /* Application */,
				F1E019812A05289B001B11D6 /* Extensions */,
				F1E019822A0528AA001B11D6 /* Modules */,
				F1E019832A0528B6001B11D6 /* Resources */,
			);
			path = AroundEgypt;
			sourceTree = "<group>";
		};
		F1E019622A051C6D001B11D6 /* AroundEgyptTests */ = {
			isa = PBXGroup;
			children = (
				F1E019632A051C6D001B11D6 /* AroundEgyptTests.swift */,
			);
			path = AroundEgyptTests;
			sourceTree = "<group>";
		};
		F1E0196C2A051C6E001B11D6 /* AroundEgyptUITests */ = {
			isa = PBXGroup;
			children = (
				F1E0196D2A051C6E001B11D6 /* AroundEgyptUITests.swift */,
				F1E0196F2A051C6E001B11D6 /* AroundEgyptUITestsLaunchTests.swift */,
			);
			path = AroundEgyptUITests;
			sourceTree = "<group>";
		};
		F1E0197C2A052847001B11D6 /* Application */ = {
			isa = PBXGroup;
			children = (
				F1E019802A05287D001B11D6 /* Coordinator */,
				F1E0197F2A052875001B11D6 /* Networking */,
				F1E0197E2A05286C001B11D6 /* Architecture */,
				F1E0197D2A052863001B11D6 /* Utilities */,
			);
			path = Application;
			sourceTree = "<group>";
		};
		F1E0197D2A052863001B11D6 /* Utilities */ = {
			isa = PBXGroup;
			children = (
			);
			path = Utilities;
			sourceTree = "<group>";
		};
		F1E0197E2A05286C001B11D6 /* Architecture */ = {
			isa = PBXGroup;
			children = (
				F1E019992A0552BC001B11D6 /* BaseViewController.swift */,
				F1E0199B2A0552D2001B11D6 /* BaseViewModel.swift */,
				F1E0199D2A0552EA001B11D6 /* UseCase.swift */,
			);
			path = Architecture;
			sourceTree = "<group>";
		};
		F1E0197F2A052875001B11D6 /* Networking */ = {
			isa = PBXGroup;
			children = (
				F1E0198E2A053B41001B11D6 /* APIClientType.swift */,
				F1E019902A053B7A001B11D6 /* NetworkResponse.swift */,
				F1E019932A053B8E001B11D6 /* Request.swift */,
				F1E019952A053BA0001B11D6 /* Publisher.swift */,
				F1E019972A053BCC001B11D6 /* Reachability.swift */,
			);
			path = Networking;
			sourceTree = "<group>";
		};
		F1E019802A05287D001B11D6 /* Coordinator */ = {
			isa = PBXGroup;
			children = (
				F1E019882A052B9B001B11D6 /* Coordinator.swift */,
				F1E0198A2A052BBD001B11D6 /* CoordinatorProtocol.swift */,
			);
			path = Coordinator;
			sourceTree = "<group>";
		};
		F1E019812A05289B001B11D6 /* Extensions */ = {
			isa = PBXGroup;
			children = (
				F1E0199F2A05553B001B11D6 /* UICollectionView+Extension.swift */,
				F1E019A12A0555E1001B11D6 /* UIView+UIStackView+Constraints.swift */,
			);
			path = Extensions;
			sourceTree = "<group>";
		};
		F1E019822A0528AA001B11D6 /* Modules */ = {
			isa = PBXGroup;
			children = (
				F1E019862A0528FC001B11D6 /* Home Screen */,
				F1E019872A05290F001B11D6 /* Experience Screen */,
			);
			path = Modules;
			sourceTree = "<group>";
		};
		F1E019832A0528B6001B11D6 /* Resources */ = {
			isa = PBXGroup;
			children = (
				F1E0195A2A051C6D001B11D6 /* Info.plist */,
				F1E019552A051C6D001B11D6 /* Assets.xcassets */,
				F1E019852A0528CD001B11D6 /* UI */,
				F1E019842A0528C3001B11D6 /* Delegate */,
			);
			path = Resources;
			sourceTree = "<group>";
		};
		F1E019842A0528C3001B11D6 /* Delegate */ = {
			isa = PBXGroup;
			children = (
				F1E0194C2A051C6C001B11D6 /* AppDelegate.swift */,
			);
			path = Delegate;
			sourceTree = "<group>";
		};
		F1E019852A0528CD001B11D6 /* UI */ = {
			isa = PBXGroup;
			children = (
				F1E019572A051C6D001B11D6 /* LaunchScreen.storyboard */,
			);
			path = UI;
			sourceTree = "<group>";
		};
		F1E019862A0528FC001B11D6 /* Home Screen */ = {
			isa = PBXGroup;
			children = (
				F1E019A32A055678001B11D6 /* CollectionViewCell */,
				F1E019502A051C6C001B11D6 /* HomeViewController.swift */,
				F1E019AC2A055756001B11D6 /* HomeView.swift */,
				F1E019AA2A055740001B11D6 /* HomeCoordinator.swift */,
				F1E019A82A05572E001B11D6 /* HomeModel.swift */,
				F1E019A42A055707001B11D6 /* HomeUseCase.swift */,
				F1E019A62A055726001B11D6 /* HomeViewModel.swift */,
			);
			path = "Home Screen";
			sourceTree = "<group>";
		};
		F1E019872A05290F001B11D6 /* Experience Screen */ = {
			isa = PBXGroup;
			children = (
				F1E019BC2A055C41001B11D6 /* ExperienceScreen.swift */,
				F1E019B22A0557A7001B11D6 /* ExperienceCoordinator.swift */,
				F1E019B42A0557D7001B11D6 /* ExperienceModel.swift */,
				F1E019B62A0557F2001B11D6 /* ExperienceUseCase.swift */,
				F1E019B82A0557FD001B11D6 /* ExperienceViewModel.swift */,
			);
			path = "Experience Screen";
			sourceTree = "<group>";
		};
		F1E019A32A055678001B11D6 /* CollectionViewCell */ = {
			isa = PBXGroup;
			children = (
				F1E019BA2A05587A001B11D6 /* ExperienceCell.swift */,
			);
			path = CollectionViewCell;
			sourceTree = "<group>";
		};
/* End PBXGroup section */

/* Begin PBXNativeTarget section */
		F1E019482A051C6C001B11D6 /* AroundEgypt */ = {
			isa = PBXNativeTarget;
			buildConfigurationList = F1E019732A051C6E001B11D6 /* Build configuration list for PBXNativeTarget "AroundEgypt" */;
			buildPhases = (
				F1E019452A051C6C001B11D6 /* Sources */,
				F1E019462A051C6C001B11D6 /* Frameworks */,
				F1E019472A051C6C001B11D6 /* Resources */,
			);
			buildRules = (
			);
			dependencies = (
			);
			name = AroundEgypt;
			productName = AroundEgypt;
			productReference = F1E019492A051C6C001B11D6 /* AroundEgypt.app */;
			productType = "com.apple.product-type.application";
		};
		F1E0195E2A051C6D001B11D6 /* AroundEgyptTests */ = {
			isa = PBXNativeTarget;
			buildConfigurationList = F1E019762A051C6E001B11D6 /* Build configuration list for PBXNativeTarget "AroundEgyptTests" */;
			buildPhases = (
				F1E0195B2A051C6D001B11D6 /* Sources */,
				F1E0195C2A051C6D001B11D6 /* Frameworks */,
				F1E0195D2A051C6D001B11D6 /* Resources */,
			);
			buildRules = (
			);
			dependencies = (
				F1E019612A051C6D001B11D6 /* PBXTargetDependency */,
			);
			name = AroundEgyptTests;
			productName = AroundEgyptTests;
			productReference = F1E0195F2A051C6D001B11D6 /* AroundEgyptTests.xctest */;
			productType = "com.apple.product-type.bundle.unit-test";
		};
		F1E019682A051C6E001B11D6 /* AroundEgyptUITests */ = {
			isa = PBXNativeTarget;
			buildConfigurationList = F1E019792A051C6E001B11D6 /* Build configuration list for PBXNativeTarget "AroundEgyptUITests" */;
			buildPhases = (
				F1E019652A051C6E001B11D6 /* Sources */,
				F1E019662A051C6E001B11D6 /* Frameworks */,
				F1E019672A051C6E001B11D6 /* Resources */,
			);
			buildRules = (
			);
			dependencies = (
				F1E0196B2A051C6E001B11D6 /* PBXTargetDependency */,
			);
			name = AroundEgyptUITests;
			productName = AroundEgyptUITests;
			productReference = F1E019692A051C6E001B11D6 /* AroundEgyptUITests.xctest */;
			productType = "com.apple.product-type.bundle.ui-testing";
		};
/* End PBXNativeTarget section */

/* Begin PBXProject section */
		F1E019412A051C6C001B11D6 /* Project object */ = {
			isa = PBXProject;
			attributes = {
				BuildIndependentTargetsInParallel = 1;
				LastSwiftUpdateCheck = 1420;
				LastUpgradeCheck = 1420;
				TargetAttributes = {
					F1E019482A051C6C001B11D6 = {
						CreatedOnToolsVersion = 14.2;
					};
					F1E0195E2A051C6D001B11D6 = {
						CreatedOnToolsVersion = 14.2;
						TestTargetID = F1E019482A051C6C001B11D6;
					};
					F1E019682A051C6E001B11D6 = {
						CreatedOnToolsVersion = 14.2;
						TestTargetID = F1E019482A051C6C001B11D6;
					};
				};
			};
			buildConfigurationList = F1E019442A051C6C001B11D6 /* Build configuration list for PBXProject "AroundEgypt" */;
			compatibilityVersion = "Xcode 14.0";
			developmentRegion = en;
			hasScannedForEncodings = 0;
			knownRegions = (
				en,
				Base,
			);
			mainGroup = F1E019402A051C6C001B11D6;
			productRefGroup = F1E0194A2A051C6C001B11D6 /* Products */;
			projectDirPath = "";
			projectRoot = "";
			targets = (
				F1E019482A051C6C001B11D6 /* AroundEgypt */,
				F1E0195E2A051C6D001B11D6 /* AroundEgyptTests */,
				F1E019682A051C6E001B11D6 /* AroundEgyptUITests */,
			);
		};
/* End PBXProject section */

/* Begin PBXResourcesBuildPhase section */
		F1E019472A051C6C001B11D6 /* Resources */ = {
			isa = PBXResourcesBuildPhase;
			buildActionMask = 2147483647;
			files = (
				F1E019592A051C6D001B11D6 /* LaunchScreen.storyboard in Resources */,
				F1E019562A051C6D001B11D6 /* Assets.xcassets in Resources */,
			);
			runOnlyForDeploymentPostprocessing = 0;
		};
		F1E0195D2A051C6D001B11D6 /* Resources */ = {
			isa = PBXResourcesBuildPhase;
			buildActionMask = 2147483647;
			files = (
			);
			runOnlyForDeploymentPostprocessing = 0;
		};
		F1E019672A051C6E001B11D6 /* Resources */ = {
			isa = PBXResourcesBuildPhase;
			buildActionMask = 2147483647;
			files = (
			);
			runOnlyForDeploymentPostprocessing = 0;
		};
/* End PBXResourcesBuildPhase section */

/* Begin PBXSourcesBuildPhase section */
		F1E019452A051C6C001B11D6 /* Sources */ = {
			isa = PBXSourcesBuildPhase;
			buildActionMask = 2147483647;
			files = (
				F1E019962A053BA0001B11D6 /* Publisher.swift in Sources */,
				F1E0199C2A0552D2001B11D6 /* BaseViewModel.swift in Sources */,
				F1E019512A051C6C001B11D6 /* HomeViewController.swift in Sources */,
				F1E019A72A055726001B11D6 /* HomeViewModel.swift in Sources */,
				F1E0194D2A051C6C001B11D6 /* AppDelegate.swift in Sources */,
				F1E0198B2A052BBE001B11D6 /* CoordinatorProtocol.swift in Sources */,
				F1E0198F2A053B41001B11D6 /* APIClientType.swift in Sources */,
				F1E019A02A05553B001B11D6 /* UICollectionView+Extension.swift in Sources */,
				F1E019BB2A05587A001B11D6 /* ExperienceCell.swift in Sources */,
				F1E0199A2A0552BC001B11D6 /* BaseViewController.swift in Sources */,
				F1E019B32A0557A7001B11D6 /* ExperienceCoordinator.swift in Sources */,
				F1E019B72A0557F2001B11D6 /* ExperienceUseCase.swift in Sources */,
				F1E019A92A05572E001B11D6 /* HomeModel.swift in Sources */,
				F1E019982A053BCC001B11D6 /* Reachability.swift in Sources */,
				F1E019AB2A055740001B11D6 /* HomeCoordinator.swift in Sources */,
				F1E019A52A055707001B11D6 /* HomeUseCase.swift in Sources */,
				F1E019942A053B8E001B11D6 /* Request.swift in Sources */,
				F1E0199E2A0552EA001B11D6 /* UseCase.swift in Sources */,
				F1E019BD2A055C41001B11D6 /* ExperienceScreen.swift in Sources */,
				F1E019B52A0557D7001B11D6 /* ExperienceModel.swift in Sources */,
				F1E019892A052B9B001B11D6 /* Coordinator.swift in Sources */,
				F1E019912A053B7A001B11D6 /* NetworkResponse.swift in Sources */,
				F1E019A22A0555E1001B11D6 /* UIView+UIStackView+Constraints.swift in Sources */,
				F1E019B92A0557FD001B11D6 /* ExperienceViewModel.swift in Sources */,
				F1E019AD2A055756001B11D6 /* HomeView.swift in Sources */,
			);
			runOnlyForDeploymentPostprocessing = 0;
		};
		F1E0195B2A051C6D001B11D6 /* Sources */ = {
			isa = PBXSourcesBuildPhase;
			buildActionMask = 2147483647;
			files = (
				F1E019642A051C6D001B11D6 /* AroundEgyptTests.swift in Sources */,
			);
			runOnlyForDeploymentPostprocessing = 0;
		};
		F1E019652A051C6E001B11D6 /* Sources */ = {
			isa = PBXSourcesBuildPhase;
			buildActionMask = 2147483647;
			files = (
				F1E0196E2A051C6E001B11D6 /* AroundEgyptUITests.swift in Sources */,
				F1E019702A051C6E001B11D6 /* AroundEgyptUITestsLaunchTests.swift in Sources */,
			);
			runOnlyForDeploymentPostprocessing = 0;
		};
/* End PBXSourcesBuildPhase section */

/* Begin PBXTargetDependency section */
		F1E019612A051C6D001B11D6 /* PBXTargetDependency */ = {
			isa = PBXTargetDependency;
			target = F1E019482A051C6C001B11D6 /* AroundEgypt */;
			targetProxy = F1E019602A051C6D001B11D6 /* PBXContainerItemProxy */;
		};
		F1E0196B2A051C6E001B11D6 /* PBXTargetDependency */ = {
			isa = PBXTargetDependency;
			target = F1E019482A051C6C001B11D6 /* AroundEgypt */;
			targetProxy = F1E0196A2A051C6E001B11D6 /* PBXContainerItemProxy */;
		};
/* End PBXTargetDependency section */

/* Begin PBXVariantGroup section */
		F1E019572A051C6D001B11D6 /* LaunchScreen.storyboard */ = {
			isa = PBXVariantGroup;
			children = (
				F1E019582A051C6D001B11D6 /* Base */,
			);
			name = LaunchScreen.storyboard;
			sourceTree = "<group>";
		};
/* End PBXVariantGroup section */

/* Begin XCBuildConfiguration section */
		F1E019712A051C6E001B11D6 /* Debug */ = {
			isa = XCBuildConfiguration;
			buildSettings = {
				ALWAYS_SEARCH_USER_PATHS = NO;
				CLANG_ANALYZER_NONNULL = YES;
				CLANG_ANALYZER_NUMBER_OBJECT_CONVERSION = YES_AGGRESSIVE;
				CLANG_CXX_LANGUAGE_STANDARD = "gnu++20";
				CLANG_ENABLE_MODULES = YES;
				CLANG_ENABLE_OBJC_ARC = YES;
				CLANG_ENABLE_OBJC_WEAK = YES;
				CLANG_WARN_BLOCK_CAPTURE_AUTORELEASING = YES;
				CLANG_WARN_BOOL_CONVERSION = YES;
				CLANG_WARN_COMMA = YES;
				CLANG_WARN_CONSTANT_CONVERSION = YES;
				CLANG_WARN_DEPRECATED_OBJC_IMPLEMENTATIONS = YES;
				CLANG_WARN_DIRECT_OBJC_ISA_USAGE = YES_ERROR;
				CLANG_WARN_DOCUMENTATION_COMMENTS = YES;
				CLANG_WARN_EMPTY_BODY = YES;
				CLANG_WARN_ENUM_CONVERSION = YES;
				CLANG_WARN_INFINITE_RECURSION = YES;
				CLANG_WARN_INT_CONVERSION = YES;
				CLANG_WARN_NON_LITERAL_NULL_CONVERSION = YES;
				CLANG_WARN_OBJC_IMPLICIT_RETAIN_SELF = YES;
				CLANG_WARN_OBJC_LITERAL_CONVERSION = YES;
				CLANG_WARN_OBJC_ROOT_CLASS = YES_ERROR;
				CLANG_WARN_QUOTED_INCLUDE_IN_FRAMEWORK_HEADER = YES;
				CLANG_WARN_RANGE_LOOP_ANALYSIS = YES;
				CLANG_WARN_STRICT_PROTOTYPES = YES;
				CLANG_WARN_SUSPICIOUS_MOVE = YES;
				CLANG_WARN_UNGUARDED_AVAILABILITY = YES_AGGRESSIVE;
				CLANG_WARN_UNREACHABLE_CODE = YES;
				CLANG_WARN__DUPLICATE_METHOD_MATCH = YES;
				COPY_PHASE_STRIP = NO;
				DEBUG_INFORMATION_FORMAT = dwarf;
				ENABLE_STRICT_OBJC_MSGSEND = YES;
				ENABLE_TESTABILITY = YES;
				GCC_C_LANGUAGE_STANDARD = gnu11;
				GCC_DYNAMIC_NO_PIC = NO;
				GCC_NO_COMMON_BLOCKS = YES;
				GCC_OPTIMIZATION_LEVEL = 0;
				GCC_PREPROCESSOR_DEFINITIONS = (
					"DEBUG=1",
					"$(inherited)",
				);
				GCC_WARN_64_TO_32_BIT_CONVERSION = YES;
				GCC_WARN_ABOUT_RETURN_TYPE = YES_ERROR;
				GCC_WARN_UNDECLARED_SELECTOR = YES;
				GCC_WARN_UNINITIALIZED_AUTOS = YES_AGGRESSIVE;
				GCC_WARN_UNUSED_FUNCTION = YES;
				GCC_WARN_UNUSED_VARIABLE = YES;
				IPHONEOS_DEPLOYMENT_TARGET = 14.0;
				MTL_ENABLE_DEBUG_INFO = INCLUDE_SOURCE;
				MTL_FAST_MATH = YES;
				ONLY_ACTIVE_ARCH = YES;
				SDKROOT = iphoneos;
				SWIFT_ACTIVE_COMPILATION_CONDITIONS = DEBUG;
				SWIFT_OPTIMIZATION_LEVEL = "-Onone";
			};
			name = Debug;
		};
		F1E019722A051C6E001B11D6 /* Release */ = {
			isa = XCBuildConfiguration;
			buildSettings = {
				ALWAYS_SEARCH_USER_PATHS = NO;
				CLANG_ANALYZER_NONNULL = YES;
				CLANG_ANALYZER_NUMBER_OBJECT_CONVERSION = YES_AGGRESSIVE;
				CLANG_CXX_LANGUAGE_STANDARD = "gnu++20";
				CLANG_ENABLE_MODULES = YES;
				CLANG_ENABLE_OBJC_ARC = YES;
				CLANG_ENABLE_OBJC_WEAK = YES;
				CLANG_WARN_BLOCK_CAPTURE_AUTORELEASING = YES;
				CLANG_WARN_BOOL_CONVERSION = YES;
				CLANG_WARN_COMMA = YES;
				CLANG_WARN_CONSTANT_CONVERSION = YES;
				CLANG_WARN_DEPRECATED_OBJC_IMPLEMENTATIONS = YES;
				CLANG_WARN_DIRECT_OBJC_ISA_USAGE = YES_ERROR;
				CLANG_WARN_DOCUMENTATION_COMMENTS = YES;
				CLANG_WARN_EMPTY_BODY = YES;
				CLANG_WARN_ENUM_CONVERSION = YES;
				CLANG_WARN_INFINITE_RECURSION = YES;
				CLANG_WARN_INT_CONVERSION = YES;
				CLANG_WARN_NON_LITERAL_NULL_CONVERSION = YES;
				CLANG_WARN_OBJC_IMPLICIT_RETAIN_SELF = YES;
				CLANG_WARN_OBJC_LITERAL_CONVERSION = YES;
				CLANG_WARN_OBJC_ROOT_CLASS = YES_ERROR;
				CLANG_WARN_QUOTED_INCLUDE_IN_FRAMEWORK_HEADER = YES;
				CLANG_WARN_RANGE_LOOP_ANALYSIS = YES;
				CLANG_WARN_STRICT_PROTOTYPES = YES;
				CLANG_WARN_SUSPICIOUS_MOVE = YES;
				CLANG_WARN_UNGUARDED_AVAILABILITY = YES_AGGRESSIVE;
				CLANG_WARN_UNREACHABLE_CODE = YES;
				CLANG_WARN__DUPLICATE_METHOD_MATCH = YES;
				COPY_PHASE_STRIP = NO;
				DEBUG_INFORMATION_FORMAT = "dwarf-with-dsym";
				ENABLE_NS_ASSERTIONS = NO;
				ENABLE_STRICT_OBJC_MSGSEND = YES;
				GCC_C_LANGUAGE_STANDARD = gnu11;
				GCC_NO_COMMON_BLOCKS = YES;
				GCC_WARN_64_TO_32_BIT_CONVERSION = YES;
				GCC_WARN_ABOUT_RETURN_TYPE = YES_ERROR;
				GCC_WARN_UNDECLARED_SELECTOR = YES;
				GCC_WARN_UNINITIALIZED_AUTOS = YES_AGGRESSIVE;
				GCC_WARN_UNUSED_FUNCTION = YES;
				GCC_WARN_UNUSED_VARIABLE = YES;
				IPHONEOS_DEPLOYMENT_TARGET = 14.0;
				MTL_ENABLE_DEBUG_INFO = NO;
				MTL_FAST_MATH = YES;
				SDKROOT = iphoneos;
				SWIFT_COMPILATION_MODE = wholemodule;
				SWIFT_OPTIMIZATION_LEVEL = "-O";
				VALIDATE_PRODUCT = YES;
			};
			name = Release;
		};
		F1E019742A051C6E001B11D6 /* Debug */ = {
			isa = XCBuildConfiguration;
			buildSettings = {
				ASSETCATALOG_COMPILER_APPICON_NAME = AppIcon;
				ASSETCATALOG_COMPILER_GLOBAL_ACCENT_COLOR_NAME = AccentColor;
				CODE_SIGN_STYLE = Automatic;
				CURRENT_PROJECT_VERSION = 1;
				DEVELOPMENT_TEAM = C2R9GPHYQT;
				GENERATE_INFOPLIST_FILE = YES;
				INFOPLIST_FILE = AroundEgypt/Info.plist;
				INFOPLIST_KEY_UIApplicationSupportsIndirectInputEvents = YES;
				INFOPLIST_KEY_UILaunchStoryboardName = LaunchScreen;
				INFOPLIST_KEY_UISupportedInterfaceOrientations = UIInterfaceOrientationPortrait;
				INFOPLIST_KEY_UISupportedInterfaceOrientations_iPad = "UIInterfaceOrientationLandscapeLeft UIInterfaceOrientationLandscapeRight UIInterfaceOrientationPortrait UIInterfaceOrientationPortraitUpsideDown";
				IPHONEOS_DEPLOYMENT_TARGET = 14;
				LD_RUNPATH_SEARCH_PATHS = (
					"$(inherited)",
					"@executable_path/Frameworks",
				);
				MARKETING_VERSION = 1.0;
				PRODUCT_BUNDLE_IDENTIFIER = apps.Test.AroundEgypt;
				PRODUCT_NAME = "$(TARGET_NAME)";
				SUPPORTED_PLATFORMS = "iphoneos iphonesimulator";
				SUPPORTS_MACCATALYST = NO;
				SUPPORTS_MAC_DESIGNED_FOR_IPHONE_IPAD = NO;
				SWIFT_EMIT_LOC_STRINGS = YES;
				SWIFT_VERSION = 5.0;
				TARGETED_DEVICE_FAMILY = 1;
			};
			name = Debug;
		};
		F1E019752A051C6E001B11D6 /* Release */ = {
			isa = XCBuildConfiguration;
			buildSettings = {
				ASSETCATALOG_COMPILER_APPICON_NAME = AppIcon;
				ASSETCATALOG_COMPILER_GLOBAL_ACCENT_COLOR_NAME = AccentColor;
				CODE_SIGN_STYLE = Automatic;
				CURRENT_PROJECT_VERSION = 1;
				DEVELOPMENT_TEAM = C2R9GPHYQT;
				GENERATE_INFOPLIST_FILE = YES;
				INFOPLIST_FILE = AroundEgypt/Info.plist;
				INFOPLIST_KEY_UIApplicationSupportsIndirectInputEvents = YES;
				INFOPLIST_KEY_UILaunchStoryboardName = LaunchScreen;
				INFOPLIST_KEY_UISupportedInterfaceOrientations = UIInterfaceOrientationPortrait;
				INFOPLIST_KEY_UISupportedInterfaceOrientations_iPad = "UIInterfaceOrientationLandscapeLeft UIInterfaceOrientationLandscapeRight UIInterfaceOrientationPortrait UIInterfaceOrientationPortraitUpsideDown";
				IPHONEOS_DEPLOYMENT_TARGET = 14;
				LD_RUNPATH_SEARCH_PATHS = (
					"$(inherited)",
					"@executable_path/Frameworks",
				);
				MARKETING_VERSION = 1.0;
				PRODUCT_BUNDLE_IDENTIFIER = apps.Test.AroundEgypt;
				PRODUCT_NAME = "$(TARGET_NAME)";
				SUPPORTED_PLATFORMS = "iphoneos iphonesimulator";
				SUPPORTS_MACCATALYST = NO;
				SUPPORTS_MAC_DESIGNED_FOR_IPHONE_IPAD = NO;
				SWIFT_EMIT_LOC_STRINGS = YES;
				SWIFT_VERSION = 5.0;
				TARGETED_DEVICE_FAMILY = 1;
			};
			name = Release;
		};
		F1E019772A051C6E001B11D6 /* Debug */ = {
			isa = XCBuildConfiguration;
			buildSettings = {
				ALWAYS_EMBED_SWIFT_STANDARD_LIBRARIES = YES;
				BUNDLE_LOADER = "$(TEST_HOST)";
				CODE_SIGN_STYLE = Automatic;
				CURRENT_PROJECT_VERSION = 1;
				DEVELOPMENT_TEAM = C2R9GPHYQT;
				GENERATE_INFOPLIST_FILE = YES;
				IPHONEOS_DEPLOYMENT_TARGET = 16.2;
				MARKETING_VERSION = 1.0;
				PRODUCT_BUNDLE_IDENTIFIER = apps.Test.AroundEgyptTests;
				PRODUCT_NAME = "$(TARGET_NAME)";
				SWIFT_EMIT_LOC_STRINGS = NO;
				SWIFT_VERSION = 5.0;
				TARGETED_DEVICE_FAMILY = "1,2";
				TEST_HOST = "$(BUILT_PRODUCTS_DIR)/AroundEgypt.app/$(BUNDLE_EXECUTABLE_FOLDER_PATH)/AroundEgypt";
			};
			name = Debug;
		};
		F1E019782A051C6E001B11D6 /* Release */ = {
			isa = XCBuildConfiguration;
			buildSettings = {
				ALWAYS_EMBED_SWIFT_STANDARD_LIBRARIES = YES;
				BUNDLE_LOADER = "$(TEST_HOST)";
				CODE_SIGN_STYLE = Automatic;
				CURRENT_PROJECT_VERSION = 1;
				DEVELOPMENT_TEAM = C2R9GPHYQT;
				GENERATE_INFOPLIST_FILE = YES;
				IPHONEOS_DEPLOYMENT_TARGET = 16.2;
				MARKETING_VERSION = 1.0;
				PRODUCT_BUNDLE_IDENTIFIER = apps.Test.AroundEgyptTests;
				PRODUCT_NAME = "$(TARGET_NAME)";
				SWIFT_EMIT_LOC_STRINGS = NO;
				SWIFT_VERSION = 5.0;
				TARGETED_DEVICE_FAMILY = "1,2";
				TEST_HOST = "$(BUILT_PRODUCTS_DIR)/AroundEgypt.app/$(BUNDLE_EXECUTABLE_FOLDER_PATH)/AroundEgypt";
			};
			name = Release;
		};
		F1E0197A2A051C6E001B11D6 /* Debug */ = {
			isa = XCBuildConfiguration;
			buildSettings = {
				ALWAYS_EMBED_SWIFT_STANDARD_LIBRARIES = YES;
				CODE_SIGN_STYLE = Automatic;
				CURRENT_PROJECT_VERSION = 1;
				DEVELOPMENT_TEAM = C2R9GPHYQT;
				GENERATE_INFOPLIST_FILE = YES;
				MARKETING_VERSION = 1.0;
				PRODUCT_BUNDLE_IDENTIFIER = apps.Test.AroundEgyptUITests;
				PRODUCT_NAME = "$(TARGET_NAME)";
				SWIFT_EMIT_LOC_STRINGS = NO;
				SWIFT_VERSION = 5.0;
				TARGETED_DEVICE_FAMILY = "1,2";
				TEST_TARGET_NAME = AroundEgypt;
			};
			name = Debug;
		};
		F1E0197B2A051C6E001B11D6 /* Release */ = {
			isa = XCBuildConfiguration;
			buildSettings = {
				ALWAYS_EMBED_SWIFT_STANDARD_LIBRARIES = YES;
				CODE_SIGN_STYLE = Automatic;
				CURRENT_PROJECT_VERSION = 1;
				DEVELOPMENT_TEAM = C2R9GPHYQT;
				GENERATE_INFOPLIST_FILE = YES;
				MARKETING_VERSION = 1.0;
				PRODUCT_BUNDLE_IDENTIFIER = apps.Test.AroundEgyptUITests;
				PRODUCT_NAME = "$(TARGET_NAME)";
				SWIFT_EMIT_LOC_STRINGS = NO;
				SWIFT_VERSION = 5.0;
				TARGETED_DEVICE_FAMILY = "1,2";
				TEST_TARGET_NAME = AroundEgypt;
			};
			name = Release;
		};
/* End XCBuildConfiguration section */

/* Begin XCConfigurationList section */
		F1E019442A051C6C001B11D6 /* Build configuration list for PBXProject "AroundEgypt" */ = {
			isa = XCConfigurationList;
			buildConfigurations = (
				F1E019712A051C6E001B11D6 /* Debug */,
				F1E019722A051C6E001B11D6 /* Release */,
			);
			defaultConfigurationIsVisible = 0;
			defaultConfigurationName = Release;
		};
		F1E019732A051C6E001B11D6 /* Build configuration list for PBXNativeTarget "AroundEgypt" */ = {
			isa = XCConfigurationList;
			buildConfigurations = (
				F1E019742A051C6E001B11D6 /* Debug */,
				F1E019752A051C6E001B11D6 /* Release */,
			);
			defaultConfigurationIsVisible = 0;
			defaultConfigurationName = Release;
		};
		F1E019762A051C6E001B11D6 /* Build configuration list for PBXNativeTarget "AroundEgyptTests" */ = {
			isa = XCConfigurationList;
			buildConfigurations = (
				F1E019772A051C6E001B11D6 /* Debug */,
				F1E019782A051C6E001B11D6 /* Release */,
			);
			defaultConfigurationIsVisible = 0;
			defaultConfigurationName = Release;
		};
		F1E019792A051C6E001B11D6 /* Build configuration list for PBXNativeTarget "AroundEgyptUITests" */ = {
			isa = XCConfigurationList;
			buildConfigurations = (
				F1E0197A2A051C6E001B11D6 /* Debug */,
				F1E0197B2A051C6E001B11D6 /* Release */,
			);
			defaultConfigurationIsVisible = 0;
			defaultConfigurationName = Release;
		};
/* End XCConfigurationList section */
	};
	rootObject = F1E019412A051C6C001B11D6 /* Project object */;
}
